
Microsoft Visual Studio Solution File, Format Version 12.00
# Visual Studio Version 17
VisualStudioVersion = 17.0.31903.59
MinimumVisualStudioVersion = 10.0.40219.1
Project("{FAE04EC0-301F-11D3-BF4B-00C04F79EFBC}") = "FarmBox.Domain", "FarmBox.Domain\FarmBox.Domain.csproj", "{5458576C-74EE-44B1-B7E7-2B130A3AF3AD}"
EndProject
Project("{FAE04EC0-301F-11D3-BF4B-00C04F79EFBC}") = "FarmBox.Test", "FarmBox.Test\FarmBox.Test.csproj", "{05846F73-4EE3-490E-8EAE-2C51AF787F4C}"
EndProject
Global
	GlobalSection(SolutionConfigurationPlatforms) = preSolution
		Debug|Any CPU = Debug|Any CPU
		Release|Any CPU = Release|Any CPU
	EndGlobalSection
	GlobalSection(SolutionProperties) = preSolution
		HideSolutionNode = FALSE
	EndGlobalSection
	GlobalSection(ProjectConfigurationPlatforms) = postSolution
		{5458576C-74EE-44B1-B7E7-2B130A3AF3AD}.Debug|Any CPU.ActiveCfg = Debug|Any CPU
		{5458576C-74EE-44B1-B7E7-2B130A3AF3AD}.Debug|Any CPU.Build.0 = Debug|Any CPU
		{5458576C-74EE-44B1-B7E7-2B130A3AF3AD}.Release|Any CPU.ActiveCfg = Release|Any CPU
		{5458576C-74EE-44B1-B7E7-2B130A3AF3AD}.Release|Any CPU.Build.0 = Release|Any CPU
		{05846F73-4EE3-490E-8EAE-2C51AF787F4C}.Debug|Any CPU.ActiveCfg = Debug|Any CPU
		{05846F73-4EE3-490E-8EAE-2C51AF787F4C}.Debug|Any CPU.Build.0 = Debug|Any CPU
		{05846F73-4EE3-490E-8EAE-2C51AF787F4C}.Release|Any CPU.ActiveCfg = Release|Any CPU
		{05846F73-4EE3-490E-8EAE-2C51AF787F4C}.Release|Any CPU.Build.0 = Release|Any CPU
	EndGlobalSection
EndGlobal
